// !$*UTF8*$!
{
	archiveVersion = 1;
	classes = {
	};
	objectVersion = 46;
	objects = {

/* Begin PBXBuildFile section */
		3C55CCAA1C6005940020D4AC /* AppDelegate.swift in Sources */ = {isa = PBXBuildFile; fileRef = 3C55CCA91C6005940020D4AC /* AppDelegate.swift */; };
		3C55CCAC1C6005940020D4AC /* ViewController.swift in Sources */ = {isa = PBXBuildFile; fileRef = 3C55CCAB1C6005940020D4AC /* ViewController.swift */; };
		3C55CCAF1C6005950020D4AC /* Main.storyboard in Resources */ = {isa = PBXBuildFile; fileRef = 3C55CCAD1C6005950020D4AC /* Main.storyboard */; };
		3C55CCB21C6005950020D4AC /* Map_Prototype.xcdatamodeld in Sources */ = {isa = PBXBuildFile; fileRef = 3C55CCB01C6005950020D4AC /* Map_Prototype.xcdatamodeld */; };
		3C55CCB41C6005950020D4AC /* Assets.xcassets in Resources */ = {isa = PBXBuildFile; fileRef = 3C55CCB31C6005950020D4AC /* Assets.xcassets */; };
		3C55CCB71C6005950020D4AC /* LaunchScreen.storyboard in Resources */ = {isa = PBXBuildFile; fileRef = 3C55CCB51C6005950020D4AC /* LaunchScreen.storyboard */; };
		3C55CCC21C6005950020D4AC /* Map_PrototypeTests.swift in Sources */ = {isa = PBXBuildFile; fileRef = 3C55CCC11C6005950020D4AC /* Map_PrototypeTests.swift */; };
		3C55CCCD1C6005950020D4AC /* Map_PrototypeUITests.swift in Sources */ = {isa = PBXBuildFile; fileRef = 3C55CCCC1C6005950020D4AC /* Map_PrototypeUITests.swift */; };
		3C7FFACC1C62AC44000679C4 /* Scenes+CoreDataProperties.swift in Sources */ = {isa = PBXBuildFile; fileRef = 3C7FFAC81C62AC44000679C4 /* Scenes+CoreDataProperties.swift */; };
		3C7FFACD1C62AC44000679C4 /* Scenes.swift in Sources */ = {isa = PBXBuildFile; fileRef = 3C7FFAC91C62AC44000679C4 /* Scenes.swift */; };
		3C7FFACE1C62AC44000679C4 /* Lights+CoreDataProperties.swift in Sources */ = {isa = PBXBuildFile; fileRef = 3C7FFACA1C62AC44000679C4 /* Lights+CoreDataProperties.swift */; };
		3C7FFACF1C62AC44000679C4 /* Lights.swift in Sources */ = {isa = PBXBuildFile; fileRef = 3C7FFACB1C62AC44000679C4 /* Lights.swift */; };
		3CE1300B1C6992F3002C0F62 /* LightTableViewCell.swift in Sources */ = {isa = PBXBuildFile; fileRef = 3CE1300A1C6992F3002C0F62 /* LightTableViewCell.swift */; };
		3CE130121C69AD36002C0F62 /* MasterMap+CoreDataProperties.swift in Sources */ = {isa = PBXBuildFile; fileRef = 3CE130101C69AD36002C0F62 /* MasterMap+CoreDataProperties.swift */; };
		3CE130131C69AD36002C0F62 /* MasterMap.swift in Sources */ = {isa = PBXBuildFile; fileRef = 3CE130111C69AD36002C0F62 /* MasterMap.swift */; };
		3CE130171C69B9B9002C0F62 /* addLightsViewController.swift in Sources */ = {isa = PBXBuildFile; fileRef = 3CE130161C69B9B9002C0F62 /* addLightsViewController.swift */; };
		3CF657CB1C600CDE0028464F /* MapViewController.swift in Sources */ = {isa = PBXBuildFile; fileRef = 3CF657CA1C600CDE0028464F /* MapViewController.swift */; };
/* End PBXBuildFile section */

/* Begin PBXContainerItemProxy section */
		3C55CCBE1C6005950020D4AC /* PBXContainerItemProxy */ = {
			isa = PBXContainerItemProxy;
			containerPortal = 3C55CC9E1C6005940020D4AC /* Project object */;
			proxyType = 1;
			remoteGlobalIDString = 3C55CCA51C6005940020D4AC;
			remoteInfo = Map_Prototype;
		};
		3C55CCC91C6005950020D4AC /* PBXContainerItemProxy */ = {
			isa = PBXContainerItemProxy;
			containerPortal = 3C55CC9E1C6005940020D4AC /* Project object */;
			proxyType = 1;
			remoteGlobalIDString = 3C55CCA51C6005940020D4AC;
			remoteInfo = Map_Prototype;
		};
/* End PBXContainerItemProxy section */

/* Begin PBXFileReference section */
		3C55CCA61C6005940020D4AC /* Map_Prototype.app */ = {isa = PBXFileReference; explicitFileType = wrapper.application; includeInIndex = 0; path = Map_Prototype.app; sourceTree = BUILT_PRODUCTS_DIR; };
		3C55CCA91C6005940020D4AC /* AppDelegate.swift */ = {isa = PBXFileReference; lastKnownFileType = sourcecode.swift; path = AppDelegate.swift; sourceTree = "<group>"; };
		3C55CCAB1C6005940020D4AC /* ViewController.swift */ = {isa = PBXFileReference; lastKnownFileType = sourcecode.swift; path = ViewController.swift; sourceTree = "<group>"; };
		3C55CCAE1C6005950020D4AC /* Base */ = {isa = PBXFileReference; lastKnownFileType = file.storyboard; name = Base; path = Base.lproj/Main.storyboard; sourceTree = "<group>"; };
		3C55CCB11C6005950020D4AC /* Map_Prototype.xcdatamodel */ = {isa = PBXFileReference; lastKnownFileType = wrapper.xcdatamodel; path = Map_Prototype.xcdatamodel; sourceTree = "<group>"; };
		3C55CCB31C6005950020D4AC /* Assets.xcassets */ = {isa = PBXFileReference; lastKnownFileType = folder.assetcatalog; path = Assets.xcassets; sourceTree = "<group>"; };
		3C55CCB61C6005950020D4AC /* Base */ = {isa = PBXFileReference; lastKnownFileType = file.storyboard; name = Base; path = Base.lproj/LaunchScreen.storyboard; sourceTree = "<group>"; };
		3C55CCB81C6005950020D4AC /* Info.plist */ = {isa = PBXFileReference; lastKnownFileType = text.plist.xml; path = Info.plist; sourceTree = "<group>"; };
		3C55CCBD1C6005950020D4AC /* Map_PrototypeTests.xctest */ = {isa = PBXFileReference; explicitFileType = wrapper.cfbundle; includeInIndex = 0; path = Map_PrototypeTests.xctest; sourceTree = BUILT_PRODUCTS_DIR; };
		3C55CCC11C6005950020D4AC /* Map_PrototypeTests.swift */ = {isa = PBXFileReference; lastKnownFileType = sourcecode.swift; path = Map_PrototypeTests.swift; sourceTree = "<group>"; };
		3C55CCC31C6005950020D4AC /* Info.plist */ = {isa = PBXFileReference; lastKnownFileType = text.plist.xml; path = Info.plist; sourceTree = "<group>"; };
		3C55CCC81C6005950020D4AC /* Map_PrototypeUITests.xctest */ = {isa = PBXFileReference; explicitFileType = wrapper.cfbundle; includeInIndex = 0; path = Map_PrototypeUITests.xctest; sourceTree = BUILT_PRODUCTS_DIR; };
		3C55CCCC1C6005950020D4AC /* Map_PrototypeUITests.swift */ = {isa = PBXFileReference; lastKnownFileType = sourcecode.swift; path = Map_PrototypeUITests.swift; sourceTree = "<group>"; };
		3C55CCCE1C6005950020D4AC /* Info.plist */ = {isa = PBXFileReference; lastKnownFileType = text.plist.xml; path = Info.plist; sourceTree = "<group>"; };
		3C7FFAC81C62AC44000679C4 /* Scenes+CoreDataProperties.swift */ = {isa = PBXFileReference; fileEncoding = 4; lastKnownFileType = sourcecode.swift; name = "Scenes+CoreDataProperties.swift"; path = "../../../../Shared/Desktop/Map_Prototype/Map_Prototype/Scenes+CoreDataProperties.swift"; sourceTree = "<group>"; };
		3C7FFAC91C62AC44000679C4 /* Scenes.swift */ = {isa = PBXFileReference; fileEncoding = 4; lastKnownFileType = sourcecode.swift; name = Scenes.swift; path = ../../../../Shared/Desktop/Map_Prototype/Map_Prototype/Scenes.swift; sourceTree = "<group>"; };
		3C7FFACA1C62AC44000679C4 /* Lights+CoreDataProperties.swift */ = {isa = PBXFileReference; fileEncoding = 4; lastKnownFileType = sourcecode.swift; name = "Lights+CoreDataProperties.swift"; path = "../../../../Shared/Desktop/Map_Prototype/Map_Prototype/Lights+CoreDataProperties.swift"; sourceTree = "<group>"; };
		3C7FFACB1C62AC44000679C4 /* Lights.swift */ = {isa = PBXFileReference; fileEncoding = 4; lastKnownFileType = sourcecode.swift; name = Lights.swift; path = ../../../../Shared/Desktop/Map_Prototype/Map_Prototype/Lights.swift; sourceTree = "<group>"; };
		3CE1300A1C6992F3002C0F62 /* LightTableViewCell.swift */ = {isa = PBXFileReference; fileEncoding = 4; lastKnownFileType = sourcecode.swift; name = LightTableViewCell.swift; path = ../../../../Shared/Desktop/Map_Prototype/Map_Prototype/LightTableViewCell.swift; sourceTree = "<group>"; };
		3CE130101C69AD36002C0F62 /* MasterMap+CoreDataProperties.swift */ = {isa = PBXFileReference; fileEncoding = 4; lastKnownFileType = sourcecode.swift; name = "MasterMap+CoreDataProperties.swift"; path = "../../../../Shared/Desktop/Map_Prototype/Map_Prototype/MasterMap+CoreDataProperties.swift"; sourceTree = "<group>"; };
		3CE130111C69AD36002C0F62 /* MasterMap.swift */ = {isa = PBXFileReference; fileEncoding = 4; lastKnownFileType = sourcecode.swift; name = MasterMap.swift; path = ../../../../Shared/Desktop/Map_Prototype/Map_Prototype/MasterMap.swift; sourceTree = "<group>"; };
		3CE130161C69B9B9002C0F62 /* addLightsViewController.swift */ = {isa = PBXFileReference; fileEncoding = 4; lastKnownFileType = sourcecode.swift; name = addLightsViewController.swift; path = ../../../../Shared/Desktop/Map_Prototype/Map_Prototype/addLightsViewController.swift; sourceTree = "<group>"; };
		3CE130391C6A10E6002C0F62 /* Map_Prototype 2.xcdatamodel */ = {isa = PBXFileReference; lastKnownFileType = wrapper.xcdatamodel; path = "Map_Prototype 2.xcdatamodel"; sourceTree = "<group>"; };
		3CF657CA1C600CDE0028464F /* MapViewController.swift */ = {isa = PBXFileReference; fileEncoding = 4; lastKnownFileType = sourcecode.swift; name = MapViewController.swift; path = ../../../../Shared/Desktop/Map_Prototype/Map_Prototype/MapViewController.swift; sourceTree = "<group>"; };
/* End PBXFileReference section */

/* Begin PBXFrameworksBuildPhase section */
		3C55CCA31C6005940020D4AC /* Frameworks */ = {
			isa = PBXFrameworksBuildPhase;
			buildActionMask = 2147483647;
			files = (
			);
			runOnlyForDeploymentPostprocessing = 0;
		};
		3C55CCBA1C6005950020D4AC /* Frameworks */ = {
			isa = PBXFrameworksBuildPhase;
			buildActionMask = 2147483647;
			files = (
			);
			runOnlyForDeploymentPostprocessing = 0;
		};
		3C55CCC51C6005950020D4AC /* Frameworks */ = {
			isa = PBXFrameworksBuildPhase;
			buildActionMask = 2147483647;
			files = (
			);
			runOnlyForDeploymentPostprocessing = 0;
		};
/* End PBXFrameworksBuildPhase section */

/* Begin PBXGroup section */
		3C55CC9D1C6005940020D4AC = {
			isa = PBXGroup;
			children = (
				3C55CCA81C6005940020D4AC /* Map_Prototype */,
				3C55CCC01C6005950020D4AC /* Map_PrototypeTests */,
				3C55CCCB1C6005950020D4AC /* Map_PrototypeUITests */,
				3C55CCA71C6005940020D4AC /* Products */,
			);
			sourceTree = "<group>";
		};
		3C55CCA71C6005940020D4AC /* Products */ = {
			isa = PBXGroup;
			children = (
				3C55CCA61C6005940020D4AC /* Map_Prototype.app */,
				3C55CCBD1C6005950020D4AC /* Map_PrototypeTests.xctest */,
				3C55CCC81C6005950020D4AC /* Map_PrototypeUITests.xctest */,
			);
			name = Products;
			sourceTree = "<group>";
		};
		3C55CCA81C6005940020D4AC /* Map_Prototype */ = {
			isa = PBXGroup;
			children = (
				3C7FFAD11C62AC6B000679C4 /* Data Model */,
				3CE130071C696F73002C0F62 /* Main */,
				3C7FFAD21C62AC84000679C4 /* View Controllers */,
			);
			path = Map_Prototype;
			sourceTree = "<group>";
		};
		3C55CCC01C6005950020D4AC /* Map_PrototypeTests */ = {
			isa = PBXGroup;
			children = (
				3C55CCC11C6005950020D4AC /* Map_PrototypeTests.swift */,
				3C55CCC31C6005950020D4AC /* Info.plist */,
			);
			path = Map_PrototypeTests;
			sourceTree = "<group>";
		};
		3C55CCCB1C6005950020D4AC /* Map_PrototypeUITests */ = {
			isa = PBXGroup;
			children = (
				3C55CCCC1C6005950020D4AC /* Map_PrototypeUITests.swift */,
				3C55CCCE1C6005950020D4AC /* Info.plist */,
			);
			path = Map_PrototypeUITests;
			sourceTree = "<group>";
		};
		3C7FFAD11C62AC6B000679C4 /* Data Model */ = {
			isa = PBXGroup;
			children = (
				3CE130101C69AD36002C0F62 /* MasterMap+CoreDataProperties.swift */,
				3CE130111C69AD36002C0F62 /* MasterMap.swift */,
				3C7FFAC81C62AC44000679C4 /* Scenes+CoreDataProperties.swift */,
				3C7FFAC91C62AC44000679C4 /* Scenes.swift */,
				3C7FFACA1C62AC44000679C4 /* Lights+CoreDataProperties.swift */,
				3C7FFACB1C62AC44000679C4 /* Lights.swift */,
				3C55CCB01C6005950020D4AC /* Map_Prototype.xcdatamodeld */,
			);
			name = "Data Model";
			sourceTree = "<group>";
		};
		3C7FFAD21C62AC84000679C4 /* View Controllers */ = {
			isa = PBXGroup;
			children = (
				3C55CCAB1C6005940020D4AC /* ViewController.swift */,
				3CF657CA1C600CDE0028464F /* MapViewController.swift */,
				3CE1300A1C6992F3002C0F62 /* LightTableViewCell.swift */,
				3CE130161C69B9B9002C0F62 /* addLightsViewController.swift */,
			);
			name = "View Controllers";
			sourceTree = "<group>";
		};
		3CE130071C696F73002C0F62 /* Main */ = {
			isa = PBXGroup;
			children = (
				3C55CCA91C6005940020D4AC /* AppDelegate.swift */,
				3C55CCAD1C6005950020D4AC /* Main.storyboard */,
				3C55CCB31C6005950020D4AC /* Assets.xcassets */,
				3C55CCB51C6005950020D4AC /* LaunchScreen.storyboard */,
				3C55CCB81C6005950020D4AC /* Info.plist */,
			);
			name = Main;
			sourceTree = "<group>";
		};
/* End PBXGroup section */

/* Begin PBXNativeTarget section */
		3C55CCA51C6005940020D4AC /* Map_Prototype */ = {
			isa = PBXNativeTarget;
			buildConfigurationList = 3C55CCD11C6005950020D4AC /* Build configuration list for PBXNativeTarget "Map_Prototype" */;
			buildPhases = (
				3C55CCA21C6005940020D4AC /* Sources */,
				3C55CCA31C6005940020D4AC /* Frameworks */,
				3C55CCA41C6005940020D4AC /* Resources */,
			);
			buildRules = (
			);
			dependencies = (
			);
			name = Map_Prototype;
			productName = Map_Prototype;
			productReference = 3C55CCA61C6005940020D4AC /* Map_Prototype.app */;
			productType = "com.apple.product-type.application";
		};
		3C55CCBC1C6005950020D4AC /* Map_PrototypeTests */ = {
			isa = PBXNativeTarget;
			buildConfigurationList = 3C55CCD41C6005950020D4AC /* Build configuration list for PBXNativeTarget "Map_PrototypeTests" */;
			buildPhases = (
				3C55CCB91C6005950020D4AC /* Sources */,
				3C55CCBA1C6005950020D4AC /* Frameworks */,
				3C55CCBB1C6005950020D4AC /* Resources */,
			);
			buildRules = (
			);
			dependencies = (
				3C55CCBF1C6005950020D4AC /* PBXTargetDependency */,
			);
			name = Map_PrototypeTests;
			productName = Map_PrototypeTests;
			productReference = 3C55CCBD1C6005950020D4AC /* Map_PrototypeTests.xctest */;
			productType = "com.apple.product-type.bundle.unit-test";
		};
		3C55CCC71C6005950020D4AC /* Map_PrototypeUITests */ = {
			isa = PBXNativeTarget;
			buildConfigurationList = 3C55CCD71C6005950020D4AC /* Build configuration list for PBXNativeTarget "Map_PrototypeUITests" */;
			buildPhases = (
				3C55CCC41C6005950020D4AC /* Sources */,
				3C55CCC51C6005950020D4AC /* Frameworks */,
				3C55CCC61C6005950020D4AC /* Resources */,
			);
			buildRules = (
			);
			dependencies = (
				3C55CCCA1C6005950020D4AC /* PBXTargetDependency */,
			);
			name = Map_PrototypeUITests;
			productName = Map_PrototypeUITests;
			productReference = 3C55CCC81C6005950020D4AC /* Map_PrototypeUITests.xctest */;
			productType = "com.apple.product-type.bundle.ui-testing";
		};
/* End PBXNativeTarget section */

/* Begin PBXProject section */
		3C55CC9E1C6005940020D4AC /* Project object */ = {
			isa = PBXProject;
			attributes = {
				LastSwiftUpdateCheck = 0720;
				LastUpgradeCheck = 0720;
				ORGANIZATIONNAME = Shared;
				TargetAttributes = {
					3C55CCA51C6005940020D4AC = {
						CreatedOnToolsVersion = 7.2;
					};
					3C55CCBC1C6005950020D4AC = {
						CreatedOnToolsVersion = 7.2;
						TestTargetID = 3C55CCA51C6005940020D4AC;
					};
					3C55CCC71C6005950020D4AC = {
						CreatedOnToolsVersion = 7.2;
						TestTargetID = 3C55CCA51C6005940020D4AC;
					};
				};
			};
			buildConfigurationList = 3C55CCA11C6005940020D4AC /* Build configuration list for PBXProject "Map_Prototype" */;
			compatibilityVersion = "Xcode 3.2";
			developmentRegion = English;
			hasScannedForEncodings = 0;
			knownRegions = (
				en,
				Base,
			);
			mainGroup = 3C55CC9D1C6005940020D4AC;
			productRefGroup = 3C55CCA71C6005940020D4AC /* Products */;
			projectDirPath = "";
			projectRoot = "";
			targets = (
				3C55CCA51C6005940020D4AC /* Map_Prototype */,
				3C55CCBC1C6005950020D4AC /* Map_PrototypeTests */,
				3C55CCC71C6005950020D4AC /* Map_PrototypeUITests */,
			);
		};
/* End PBXProject section */

/* Begin PBXResourcesBuildPhase section */
		3C55CCA41C6005940020D4AC /* Resources */ = {
			isa = PBXResourcesBuildPhase;
			buildActionMask = 2147483647;
			files = (
				3C55CCB71C6005950020D4AC /* LaunchScreen.storyboard in Resources */,
				3C55CCB41C6005950020D4AC /* Assets.xcassets in Resources */,
				3C55CCAF1C6005950020D4AC /* Main.storyboard in Resources */,
			);
			runOnlyForDeploymentPostprocessing = 0;
		};
		3C55CCBB1C6005950020D4AC /* Resources */ = {
			isa = PBXResourcesBuildPhase;
			buildActionMask = 2147483647;
			files = (
			);
			runOnlyForDeploymentPostprocessing = 0;
		};
		3C55CCC61C6005950020D4AC /* Resources */ = {
			isa = PBXResourcesBuildPhase;
			buildActionMask = 2147483647;
			files = (
			);
			runOnlyForDeploymentPostprocessing = 0;
		};
/* End PBXResourcesBuildPhase section */

/* Begin PBXSourcesBuildPhase section */
		3C55CCA21C6005940020D4AC /* Sources */ = {
			isa = PBXSourcesBuildPhase;
			buildActionMask = 2147483647;
			files = (
				3CE1300B1C6992F3002C0F62 /* LightTableViewCell.swift in Sources */,
				3C7FFACE1C62AC44000679C4 /* Lights+CoreDataProperties.swift in Sources */,
				3CE130171C69B9B9002C0F62 /* addLightsViewController.swift in Sources */,
				3C7FFACD1C62AC44000679C4 /* Scenes.swift in Sources */,
				3C55CCB21C6005950020D4AC /* Map_Prototype.xcdatamodeld in Sources */,
				3C55CCAC1C6005940020D4AC /* ViewController.swift in Sources */,
				3CE130121C69AD36002C0F62 /* MasterMap+CoreDataProperties.swift in Sources */,
				3C7FFACF1C62AC44000679C4 /* Lights.swift in Sources */,
				3C7FFACC1C62AC44000679C4 /* Scenes+CoreDataProperties.swift in Sources */,
				3CE130131C69AD36002C0F62 /* MasterMap.swift in Sources */,
				3C55CCAA1C6005940020D4AC /* AppDelegate.swift in Sources */,
				3CF657CB1C600CDE0028464F /* MapViewController.swift in Sources */,
			);
			runOnlyForDeploymentPostprocessing = 0;
		};
		3C55CCB91C6005950020D4AC /* Sources */ = {
			isa = PBXSourcesBuildPhase;
			buildActionMask = 2147483647;
			files = (
				3C55CCC21C6005950020D4AC /* Map_PrototypeTests.swift in Sources */,
			);
			runOnlyForDeploymentPostprocessing = 0;
		};
		3C55CCC41C6005950020D4AC /* Sources */ = {
			isa = PBXSourcesBuildPhase;
			buildActionMask = 2147483647;
			files = (
				3C55CCCD1C6005950020D4AC /* Map_PrototypeUITests.swift in Sources */,
			);
			runOnlyForDeploymentPostprocessing = 0;
		};
/* End PBXSourcesBuildPhase section */

/* Begin PBXTargetDependency section */
		3C55CCBF1C6005950020D4AC /* PBXTargetDependency */ = {
			isa = PBXTargetDependency;
			target = 3C55CCA51C6005940020D4AC /* Map_Prototype */;
			targetProxy = 3C55CCBE1C6005950020D4AC /* PBXContainerItemProxy */;
		};
		3C55CCCA1C6005950020D4AC /* PBXTargetDependency */ = {
			isa = PBXTargetDependency;
			target = 3C55CCA51C6005940020D4AC /* Map_Prototype */;
			targetProxy = 3C55CCC91C6005950020D4AC /* PBXContainerItemProxy */;
		};
/* End PBXTargetDependency section */

/* Begin PBXVariantGroup section */
		3C55CCAD1C6005950020D4AC /* Main.storyboard */ = {
			isa = PBXVariantGroup;
			children = (
				3C55CCAE1C6005950020D4AC /* Base */,
			);
			name = Main.storyboard;
			sourceTree = "<group>";
		};
		3C55CCB51C6005950020D4AC /* LaunchScreen.storyboard */ = {
			isa = PBXVariantGroup;
			children = (
				3C55CCB61C6005950020D4AC /* Base */,
			);
			name = LaunchScreen.storyboard;
			sourceTree = "<group>";
		};
/* End PBXVariantGroup section */

/* Begin XCBuildConfiguration section */
		3C55CCCF1C6005950020D4AC /* Debug */ = {
			isa = XCBuildConfiguration;
			buildSettings = {
				ALWAYS_SEARCH_USER_PATHS = NO;
				CLANG_CXX_LANGUAGE_STANDARD = "gnu++0x";
				CLANG_CXX_LIBRARY = "libc++";
				CLANG_ENABLE_MODULES = YES;
				CLANG_ENABLE_OBJC_ARC = YES;
				CLANG_WARN_BOOL_CONVERSION = YES;
				CLANG_WARN_CONSTANT_CONVERSION = YES;
				CLANG_WARN_DIRECT_OBJC_ISA_USAGE = YES_ERROR;
				CLANG_WARN_EMPTY_BODY = YES;
				CLANG_WARN_ENUM_CONVERSION = YES;
				CLANG_WARN_INT_CONVERSION = YES;
				CLANG_WARN_OBJC_ROOT_CLASS = YES_ERROR;
				CLANG_WARN_UNREACHABLE_CODE = YES;
				CLANG_WARN__DUPLICATE_METHOD_MATCH = YES;
				"CODE_SIGN_IDENTITY[sdk=iphoneos*]" = "iPhone Developer";
				COPY_PHASE_STRIP = NO;
				DEBUG_INFORMATION_FORMAT = dwarf;
				ENABLE_STRICT_OBJC_MSGSEND = YES;
				ENABLE_TESTABILITY = YES;
				GCC_C_LANGUAGE_STANDARD = gnu99;
				GCC_DYNAMIC_NO_PIC = NO;
				GCC_NO_COMMON_BLOCKS = YES;
				GCC_OPTIMIZATION_LEVEL = 0;
				GCC_PREPROCESSOR_DEFINITIONS = (
					"DEBUG=1",
					"$(inherited)",
				);
				GCC_WARN_64_TO_32_BIT_CONVERSION = YES;
				GCC_WARN_ABOUT_RETURN_TYPE = YES_ERROR;
				GCC_WARN_UNDECLARED_SELECTOR = YES;
				GCC_WARN_UNINITIALIZED_AUTOS = YES_AGGRESSIVE;
				GCC_WARN_UNUSED_FUNCTION = YES;
				GCC_WARN_UNUSED_VARIABLE = YES;
				IPHONEOS_DEPLOYMENT_TARGET = 9.2;
				MTL_ENABLE_DEBUG_INFO = YES;
				ONLY_ACTIVE_ARCH = YES;
				SDKROOT = iphoneos;
				SWIFT_OPTIMIZATION_LEVEL = "-Onone";
				TARGETED_DEVICE_FAMILY = "1,2";
			};
			name = Debug;
		};
		3C55CCD01C6005950020D4AC /* Release */ = {
			isa = XCBuildConfiguration;
			buildSettings = {
				ALWAYS_SEARCH_USER_PATHS = NO;
				CLANG_CXX_LANGUAGE_STANDARD = "gnu++0x";
				CLANG_CXX_LIBRARY = "libc++";
				CLANG_ENABLE_MODULES = YES;
				CLANG_ENABLE_OBJC_ARC = YES;
				CLANG_WARN_BOOL_CONVERSION = YES;
				CLANG_WARN_CONSTANT_CONVERSION = YES;
				CLANG_WARN_DIRECT_OBJC_ISA_USAGE = YES_ERROR;
				CLANG_WARN_EMPTY_BODY = YES;
				CLANG_WARN_ENUM_CONVERSION = YES;
				CLANG_WARN_INT_CONVERSION = YES;
				CLANG_WARN_OBJC_ROOT_CLASS = YES_ERROR;
				CLANG_WARN_UNREACHABLE_CODE = YES;
				CLANG_WARN__DUPLICATE_METHOD_MATCH = YES;
				"CODE_SIGN_IDENTITY[sdk=iphoneos*]" = "iPhone Developer";
				COPY_PHASE_STRIP = NO;
				DEBUG_INFORMATION_FORMAT = "dwarf-with-dsym";
				ENABLE_NS_ASSERTIONS = NO;
				ENABLE_STRICT_OBJC_MSGSEND = YES;
				GCC_C_LANGUAGE_STANDARD = gnu99;
				GCC_NO_COMMON_BLOCKS = YES;
				GCC_WARN_64_TO_32_BIT_CONVERSION = YES;
				GCC_WARN_ABOUT_RETURN_TYPE = YES_ERROR;
				GCC_WARN_UNDECLARED_SELECTOR = YES;
				GCC_WARN_UNINITIALIZED_AUTOS = YES_AGGRESSIVE;
				GCC_WARN_UNUSED_FUNCTION = YES;
				GCC_WARN_UNUSED_VARIABLE = YES;
				IPHONEOS_DEPLOYMENT_TARGET = 9.2;
				MTL_ENABLE_DEBUG_INFO = NO;
				SDKROOT = iphoneos;
				TARGETED_DEVICE_FAMILY = "1,2";
				VALIDATE_PRODUCT = YES;
			};
			name = Release;
		};
		3C55CCD21C6005950020D4AC /* Debug */ = {
			isa = XCBuildConfiguration;
			buildSettings = {
				ASSETCATALOG_COMPILER_APPICON_NAME = AppIcon;
				INFOPLIST_FILE = Map_Prototype/Info.plist;
				LD_RUNPATH_SEARCH_PATHS = "$(inherited) @executable_path/Frameworks";
				PRODUCT_BUNDLE_IDENTIFIER = "Lumenilaire.Map-Prototype";
				PRODUCT_NAME = "$(TARGET_NAME)";
			};
			name = Debug;
		};
		3C55CCD31C6005950020D4AC /* Release */ = {
			isa = XCBuildConfiguration;
			buildSettings = {
				ASSETCATALOG_COMPILER_APPICON_NAME = AppIcon;
				INFOPLIST_FILE = Map_Prototype/Info.plist;
				LD_RUNPATH_SEARCH_PATHS = "$(inherited) @executable_path/Frameworks";
				PRODUCT_BUNDLE_IDENTIFIER = "Lumenilaire.Map-Prototype";
				PRODUCT_NAME = "$(TARGET_NAME)";
			};
			name = Release;
		};
		3C55CCD51C6005950020D4AC /* Debug */ = {
			isa = XCBuildConfiguration;
			buildSettings = {
				BUNDLE_LOADER = "$(TEST_HOST)";
				INFOPLIST_FILE = Map_PrototypeTests/Info.plist;
				LD_RUNPATH_SEARCH_PATHS = "$(inherited) @executable_path/Frameworks @loader_path/Frameworks";
				PRODUCT_BUNDLE_IDENTIFIER = "Lumenilaire.Map-PrototypeTests";
				PRODUCT_NAME = "$(TARGET_NAME)";
				TEST_HOST = "$(BUILT_PRODUCTS_DIR)/Map_Prototype.app/Map_Prototype";
			};
			name = Debug;
		};
		3C55CCD61C6005950020D4AC /* Release */ = {
			isa = XCBuildConfiguration;
			buildSettings = {
				BUNDLE_LOADER = "$(TEST_HOST)";
				INFOPLIST_FILE = Map_PrototypeTests/Info.plist;
				LD_RUNPATH_SEARCH_PATHS = "$(inherited) @executable_path/Frameworks @loader_path/Frameworks";
				PRODUCT_BUNDLE_IDENTIFIER = "Lumenilaire.Map-PrototypeTests";
				PRODUCT_NAME = "$(TARGET_NAME)";
				TEST_HOST = "$(BUILT_PRODUCTS_DIR)/Map_Prototype.app/Map_Prototype";
			};
			name = Release;
		};
		3C55CCD81C6005950020D4AC /* Debug */ = {
			isa = XCBuildConfiguration;
			buildSettings = {
				INFOPLIST_FILE = Map_PrototypeUITests/Info.plist;
				LD_RUNPATH_SEARCH_PATHS = "$(inherited) @executable_path/Frameworks @loader_path/Frameworks";
				PRODUCT_BUNDLE_IDENTIFIER = "Lumenilaire.Map-PrototypeUITests";
				PRODUCT_NAME = "$(TARGET_NAME)";
				TEST_TARGET_NAME = Map_Prototype;
				USES_XCTRUNNER = YES;
			};
			name = Debug;
		};
		3C55CCD91C6005950020D4AC /* Release */ = {
			isa = XCBuildConfiguration;
			buildSettings = {
				INFOPLIST_FILE = Map_PrototypeUITests/Info.plist;
				LD_RUNPATH_SEARCH_PATHS = "$(inherited) @executable_path/Frameworks @loader_path/Frameworks";
				PRODUCT_BUNDLE_IDENTIFIER = "Lumenilaire.Map-PrototypeUITests";
				PRODUCT_NAME = "$(TARGET_NAME)";
				TEST_TARGET_NAME = Map_Prototype;
				USES_XCTRUNNER = YES;
			};
			name = Release;
		};
/* End XCBuildConfiguration section */

/* Begin XCConfigurationList section */
		3C55CCA11C6005940020D4AC /* Build configuration list for PBXProject "Map_Prototype" */ = {
			isa = XCConfigurationList;
			buildConfigurations = (
				3C55CCCF1C6005950020D4AC /* Debug */,
				3C55CCD01C6005950020D4AC /* Release */,
			);
			defaultConfigurationIsVisible = 0;
			defaultConfigurationName = Release;
		};
		3C55CCD11C6005950020D4AC /* Build configuration list for PBXNativeTarget "Map_Prototype" */ = {
			isa = XCConfigurationList;
			buildConfigurations = (
				3C55CCD21C6005950020D4AC /* Debug */,
				3C55CCD31C6005950020D4AC /* Release */,
			);
			defaultConfigurationIsVisible = 0;
			defaultConfigurationName = Release;
		};
		3C55CCD41C6005950020D4AC /* Build configuration list for PBXNativeTarget "Map_PrototypeTests" */ = {
			isa = XCConfigurationList;
			buildConfigurations = (
				3C55CCD51C6005950020D4AC /* Debug */,
				3C55CCD61C6005950020D4AC /* Release */,
			);
			defaultConfigurationIsVisible = 0;
			defaultConfigurationName = Release;
		};
		3C55CCD71C6005950020D4AC /* Build configuration list for PBXNativeTarget "Map_PrototypeUITests" */ = {
			isa = XCConfigurationList;
			buildConfigurations = (
				3C55CCD81C6005950020D4AC /* Debug */,
				3C55CCD91C6005950020D4AC /* Release */,
			);
			defaultConfigurationIsVisible = 0;
			defaultConfigurationName = Release;
		};
/* End XCConfigurationList section */

/* Begin XCVersionGroup section */
		3C55CCB01C6005950020D4AC /* Map_Prototype.xcdatamodeld */ = {
			isa = XCVersionGroup;
			children = (
				3CE130391C6A10E6002C0F62 /* Map_Prototype 2.xcdatamodel */,
				3C55CCB11C6005950020D4AC /* Map_Prototype.xcdatamodel */,
			);
			currentVersion = 3CE130391C6A10E6002C0F62 /* Map_Prototype 2.xcdatamodel */;
			path = Map_Prototype.xcdatamodeld;
			sourceTree = "<group>";
			versionGroupType = wrapper.xcdatamodel;
		};
/* End XCVersionGroup section */
	};
	rootObject = 3C55CC9E1C6005940020D4AC /* Project object */;
}
